
Microsoft Visual Studio Solution File, Format Version 12.00
# Visual Studio 15
VisualStudioVersion = 15.0.28307.421
MinimumVisualStudioVersion = 10.0.40219.1
Project("{FAE04EC0-301F-11D3-BF4B-00C04F79EFBC}") = "DependencyChecker", "DependencyChecker\DependencyChecker.csproj", "{3200A831-3DA2-4FF8-9272-0A5C015032EB}"
EndProject
Project("{FAE04EC0-301F-11D3-BF4B-00C04F79EFBC}") = "DependencyChecker.Test", "DependencyChecker.Test\DependencyChecker.Test.csproj", "{DCE61F91-67F9-49BF-A0ED-AB00D0FEB7BF}"
EndProject
Global
	GlobalSection(SolutionConfigurationPlatforms) = preSolution
		Debug|Any CPU = Debug|Any CPU
		Release|Any CPU = Release|Any CPU
	EndGlobalSection
	GlobalSection(ProjectConfigurationPlatforms) = postSolution
		{3200A831-3DA2-4FF8-9272-0A5C015032EB}.Debug|Any CPU.ActiveCfg = Debug|Any CPU
		{3200A831-3DA2-4FF8-9272-0A5C015032EB}.Debug|Any CPU.Build.0 = Debug|Any CPU
		{3200A831-3DA2-4FF8-9272-0A5C015032EB}.Release|Any CPU.ActiveCfg = Release|Any CPU
		{3200A831-3DA2-4FF8-9272-0A5C015032EB}.Release|Any CPU.Build.0 = Release|Any CPU
		{DCE61F91-67F9-49BF-A0ED-AB00D0FEB7BF}.Debug|Any CPU.ActiveCfg = Debug|Any CPU
		{DCE61F91-67F9-49BF-A0ED-AB00D0FEB7BF}.Debug|Any CPU.Build.0 = Debug|Any CPU
		{DCE61F91-67F9-49BF-A0ED-AB00D0FEB7BF}.Release|Any CPU.ActiveCfg = Release|Any CPU
		{DCE61F91-67F9-49BF-A0ED-AB00D0FEB7BF}.Release|Any CPU.Build.0 = Release|Any CPU
	EndGlobalSection
	GlobalSection(SolutionProperties) = preSolution
		HideSolutionNode = FALSE
	EndGlobalSection
	GlobalSection(ExtensibilityGlobals) = postSolution
		SolutionGuid = {D8906274-4A0A-412C-A739-1259541D82F5}
	EndGlobalSection
EndGlobal
